
Microsoft Visual Studio Solution File, Format Version 12.00
# Visual Studio Version 17
VisualStudioVersion = 17.5.002.0
MinimumVisualStudioVersion = 10.0.40219.1
Project("{9A19103F-16F7-4668-BE54-9A1E7A4F7556}") = "MyWebApi", "MyWebApi.csproj", "{94A1C3D0-4E98-4F1E-A965-4A34832B6FC7}"
EndProject
Global
	GlobalSection(SolutionConfigurationPlatforms) = preSolution
		Debug|Any CPU = Debug|Any CPU
		Release|Any CPU = Release|Any CPU
	EndGlobalSection
	GlobalSection(ProjectConfigurationPlatforms) = postSolution
		{94A1C3D0-4E98-4F1E-A965-4A34832B6FC7}.Debug|Any CPU.ActiveCfg = Debug|Any CPU
		{94A1C3D0-4E98-4F1E-A965-4A34832B6FC7}.Debug|Any CPU.Build.0 = Debug|Any CPU
		{94A1C3D0-4E98-4F1E-A965-4A34832B6FC7}.Release|Any CPU.ActiveCfg = Release|Any CPU
		{94A1C3D0-4E98-4F1E-A965-4A34832B6FC7}.Release|Any CPU.Build.0 = Release|Any CPU
	EndGlobalSection
	GlobalSection(SolutionProperties) = preSolution
		HideSolutionNode = FALSE
	EndGlobalSection
	GlobalSection(ExtensibilityGlobals) = postSolution
		SolutionGuid = {CEA80CA8-29EF-4ADB-8442-9E51860A21C5}
	EndGlobalSection
EndGlobal
